langcode: en
status: true
dependencies:
  module:
    - node
    - social_core
    - system
  theme:
    - socialbase
id: socialbase_pagetitleblock
theme: socialbase
region: hero
weight: -15
provider: null
plugin: social_page_title_block
settings:
  id: social_page_title_block
  label: 'Page title for nodes'
  provider: social_core
  label_display: '0'
visibility:
  node_type:
    id: node_type
    bundles:
      event: event
      page: page
      topic: topic
    negate: false
    context_mapping:
      node: '@node.node_route_context:node'
  request_path:
    id: request_path
    pages: '/node/add/*'
    negate: true
    context_mapping: {  }
