langcode: en
status: true
dependencies:
  module:
    - social_core
    - system
  theme:
    - socialblue
id: pagetitleblock
theme: socialblue
region: title
weight: 0
provider: null
plugin: social_page_title_block
settings:
  id: social_page_title_block
  label: 'Page title block'
  provider: social_core
  label_display: '0'
visibility:
  request_path:
    id: request_path
    pages: "/community-events\r\n/all-groups\r\n/all-topics\r\n/all-members\r\n/explore\r\n/user/inbox\r\n/private_message/create\r\n/data-policy-agreement"
    negate: false
    context_mapping: {  }
