langcode: en
status: true
dependencies:
  config:
    - block_content.type.platform_intro
    - field.storage.block_content.field_text_block
  module:
    - text
id: block_content.platform_intro.field_text_block
field_name: field_text_block
entity_type: block_content
bundle: platform_intro
label: 'Text block'
description: 'The text to show in this block.'
required: true
translatable: false
default_value: {  }
default_value_callback: ''
settings: {  }
field_type: text_long
