langcode: en
status: true
dependencies:
  config:
    - block_content.type.hero_call_to_action_block
    - field.storage.block_content.field_text_block
  module:
    - text
id: block_content.hero_call_to_action_block.field_text_block
field_name: field_text_block
entity_type: block_content
bundle: hero_call_to_action_block
label: 'Text block'
description: 'This input text will be displayed in the block'
required: true
translatable: false
default_value: {  }
default_value_callback: ''
settings: {  }
field_type: text_long
