langcode: en
status: true
dependencies:
  module:
    - social_language_content
  theme:
    - socialbase
id: sociallanguagecontentlanguageswitcherblock
theme: socialbase
region: header
weight: -22
provider: null
plugin: social_language_content_language_switcher_block
settings:
  id: social_language_content_language_switcher_block
  label: 'Language switcher block'
  provider: social_language_content
  label_display: '0'
visibility: {  }