langcode: en
status: true
dependencies:
  module:
    - social_core
    - system
  theme:
    - socialbase
id: data_policy_page_title_block
theme: socialbase
region: hero
weight: 0
provider: null
plugin: social_page_title_block
settings:
  id: social_page_title_block
  label: 'Page title for Data policy'
  provider: social_core
  label_display: '0'
visibility:
  request_path:
    id: request_path
    pages: "/data-policy\r\n/data-policy/*"
    negate: false
    context_mapping: {  }
