langcode: en
status: true
dependencies:
  module:
    - social_event_invite
    - system
  theme:
    - socialblue
id: socialeventinviteblock
theme: socialblue
region: hidden
weight: 0
provider: null
plugin: social_event_invite_block
settings:
  id: social_event_invite_block
  label: 'Social Event Invite block'
  provider: social_event_invite
  label_display: '0'
visibility:
  request_path:
    id: request_path
    pages: '*/all-enrollments'
    negate: false
    context_mapping: {  }
