langcode: en
status: true
dependencies:
  config:
    - views.view.albums
  module:
    - node
    - system
    - views
  theme:
    - socialblue
id: socialblue_album_block
theme: socialblue
region: content
weight: -25
provider: null
plugin: 'views_block:albums-block_album'
settings:
  id: 'views_block:albums-block_album'
  label: ''
  provider: views
  label_display: '0'
  views_label: ''
  items_per_page: none
  type: none
  context_mapping: {  }
visibility:
  node_type:
    id: node_type
    bundles:
      album: album
    negate: false
    context_mapping:
      node: '@node.node_route_context:node'
  request_path:
    id: request_path
    pages: '/node/*'
    negate: false
    context_mapping: {  }
