langcode: en
status: true
dependencies:
  module:
    - social_tagging
    - system
  theme:
    - socialblue
  enforced:
    module:
    - social_tagging
id: socialtagsblock
theme: socialblue
region: complementary_top
weight: 0
provider: null
plugin: entity_view_block
settings:
  id: entity_view_block
  label: Tags
  label_display: visible
  provider: social_core
  view_mode: social_tagging
  context_mapping:
    entity: '@social_core.entity_route_context:canonical_content_entity'
visibility:
  request_path:
    id: request_path
    pages: '/node/*'
    negate: false
    context_mapping: {  }
