langcode: en
status: true
dependencies:
  module:
  - social_tagging
  - system
  theme:
  - socialblue
  enforced:
    module:
    - social_tagging
id: socialgrouptagsblock
theme: socialblue
region: content
weight: 0
provider: null
plugin: social_group_tags_block
settings:
  id: social_group_tags_block
  label: 'Group Tags'
  provider: social_tagging
  label_display: visible
visibility:
  request_path:
    id: request_path
    pages: '/group/*/about'
    negate: false
    context_mapping: {  }
