uuid: 81732d92-e99f-4e8f-9d52-9b4e8a0b35a4
langcode: en
status: true
dependencies:
  config:
    - field.storage.node.field_content_block
    - node.type.landing_page
  module:
    - entity_reference_revisions
id: node.landing_page.field_content_block
field_name: field_content_block
entity_type: node
bundle: landing_page
label: 'Content block'
description: ''
required: false
translatable: false
default_value: {  }
default_value_callback: ''
settings:
  handler: 'default:paragraph'
  handler_settings:
    target_bundles: null
    target_bundles_drag_drop:
      text:
        weight: 2
        enabled: false
field_type: entity_reference_revisions
