uuid: b8b0ffc3-7d6b-4981-a200-0f6d431f3a0f
langcode: en
status: true
dependencies:
  module:
    - social_core
  theme:
    - socialbase
_core:
  default_config_hash: nDYfYWQ6BoVzjh1_WwCefHI-_giPEExtbx4JwWFMeek
id: socialbase_pagetitleblock
theme: socialbase
region: title
weight: -5
provider: null
plugin: social_page_title_block
settings:
  id: social_page_title_block
  label: 'Page title block'
  provider: social_core
  label_display: '0'
visibility: {  }
