langcode: en
status: true
dependencies:
  module:
    - social_group_invite
    - system
  theme:
    - socialblue
id: socialinviteactionsblock
theme: socialblue
region: hidden
weight: 0
provider: null
plugin: social_invite_actions_block
settings:
  id: social_invite_actions_block
  label: 'Social Invite Actions block'
  provider: social_group_invite
  label_display: '0'
visibility:
  request_path:
    id: request_path
    pages: '/group/*/membership'
    negate: false
    context_mapping: {  }
