langcode: en
status: true
dependencies:
  module:
    - social_language
  theme:
    - socialbase
id: socialbase_language_switcher_block
theme: socialbase
region: header
weight: -22
provider: null
plugin: language_switcher_block
settings:
  id: language_switcher_block
  label: 'Language switcher block'
  provider: social_language
  label_display: '0'
visibility: {  }
