uuid: ac00c9bd-d167-4c45-9917-0e0e1e91aff5
langcode: en
status: true
dependencies:
  enforced:
    module:
      - social_poll
  theme:
    - socialblue
_core:
  default_config_hash: XxitNJVgnTsuKk2838riDO2FUYY-8EUhbh9WeeZXxg8
id: pollcustomblock
theme: socialblue
region: content
weight: 0
provider: null
plugin: block_content
settings:
  id: block_content
  label: 'Poll custom block'
  provider: block_content
  label_display: visible
  status: true
  info: ''
  view_mode: full
visibility: {  }
