langcode: en
status: true
dependencies:
  config:
    - paragraphs.paragraphs_type.block
  module:
    - social_content_translation
third_party_settings:
  content_translation:
    enabled: true
id: paragraph.block
target_entity_type_id: paragraph
target_bundle: block
default_langcode: site_default
language_alterable: true
