langcode: en
status: true
dependencies:
  module:
    - block_field
    - paragraphs
  enforced:
    module:
      - social_content_block
id: paragraph.field_multiple_content_block
field_name: field_multiple_content_block
entity_type: paragraph
type: block_field
settings: {  }
module: block_field
locked: false
cardinality: 1
translatable: true
indexes: {  }
persist_with_no_fields: false
custom_storage: false
