langcode: en
status: true
dependencies:
  module:
    - social_post
    - system
  theme:
    - socialbase
id: postongroupblock
theme: socialbase
region: content
weight: -9
provider: null
plugin: post_group_block
settings:
  id: post_group_block
  label: 'Post on group block'
  provider: social_post
  label_display: '0'
visibility:
  request_path:
    id: request_path
    pages: '/group/*'
    negate: false
    context_mapping: {  }
