langcode: en
status: true
dependencies:
  module:
    - social_post
    - system
  theme:
    - socialbase
id: postblock
theme: socialbase
region: content
weight: -7
provider: null
plugin: post_block
settings:
  id: post_block
  label: 'Post block'
  provider: social_post
  label_display: '0'
visibility:
  request_path:
    id: request_path
    pages: /stream
    negate: false
    context_mapping: {  }
